// !$*UTF8*$!
{
	archiveVersion = 1;
	classes = {
	};
	objectVersion = 56;
	objects = {

/* Begin PBXBuildFile section */
		4194CED32C4E01FC00A20731 /* AppDelegate.swift in Sources */ = {isa = PBXBuildFile; fileRef = 4194CED22C4E01FC00A20731 /* AppDelegate.swift */; };
		4194CED52C4E01FC00A20731 /* SceneDelegate.swift in Sources */ = {isa = PBXBuildFile; fileRef = 4194CED42C4E01FC00A20731 /* SceneDelegate.swift */; };
		4194CED72C4E01FC00A20731 /* ViewController.swift in Sources */ = {isa = PBXBuildFile; fileRef = 4194CED62C4E01FC00A20731 /* ViewController.swift */; };
		4194CEDA2C4E01FC00A20731 /* Base in Resources */ = {isa = PBXBuildFile; fileRef = 4194CED92C4E01FC00A20731 /* Base */; };
		4194CEDD2C4E01FC00A20731 /* ETtoday_CodingExercise.xcdatamodeld in Sources */ = {isa = PBXBuildFile; fileRef = 4194CEDB2C4E01FC00A20731 /* ETtoday_CodingExercise.xcdatamodeld */; };
		4194CEDF2C4E01FD00A20731 /* Assets.xcassets in Resources */ = {isa = PBXBuildFile; fileRef = 4194CEDE2C4E01FD00A20731 /* Assets.xcassets */; };
		4194CEE22C4E01FD00A20731 /* Base in Resources */ = {isa = PBXBuildFile; fileRef = 4194CEE12C4E01FD00A20731 /* Base */; };
		4194CEED2C4E01FE00A20731 /* ETtoday_CodingExerciseTests.swift in Sources */ = {isa = PBXBuildFile; fileRef = 4194CEEC2C4E01FE00A20731 /* ETtoday_CodingExerciseTests.swift */; };
		4194CEF72C4E01FE00A20731 /* ETtoday_CodingExerciseUITests.swift in Sources */ = {isa = PBXBuildFile; fileRef = 4194CEF62C4E01FE00A20731 /* ETtoday_CodingExerciseUITests.swift */; };
		4194CEF92C4E01FE00A20731 /* ETtoday_CodingExerciseUITestsLaunchTests.swift in Sources */ = {isa = PBXBuildFile; fileRef = 4194CEF82C4E01FE00A20731 /* ETtoday_CodingExerciseUITestsLaunchTests.swift */; };
/* End PBXBuildFile section */

/* Begin PBXContainerItemProxy section */
		4194CEE92C4E01FE00A20731 /* PBXContainerItemProxy */ = {
			isa = PBXContainerItemProxy;
			containerPortal = 4194CEC72C4E01FC00A20731 /* Project object */;
			proxyType = 1;
			remoteGlobalIDString = 4194CECE2C4E01FC00A20731;
			remoteInfo = ETtoday_CodingExercise;
		};
		4194CEF32C4E01FE00A20731 /* PBXContainerItemProxy */ = {
			isa = PBXContainerItemProxy;
			containerPortal = 4194CEC72C4E01FC00A20731 /* Project object */;
			proxyType = 1;
			remoteGlobalIDString = 4194CECE2C4E01FC00A20731;
			remoteInfo = ETtoday_CodingExercise;
		};
/* End PBXContainerItemProxy section */

/* Begin PBXFileReference section */
		4194CECF2C4E01FC00A20731 /* ETtoday_CodingExercise.app */ = {isa = PBXFileReference; explicitFileType = wrapper.application; includeInIndex = 0; path = ETtoday_CodingExercise.app; sourceTree = BUILT_PRODUCTS_DIR; };
		4194CED22C4E01FC00A20731 /* AppDelegate.swift */ = {isa = PBXFileReference; lastKnownFileType = sourcecode.swift; path = AppDelegate.swift; sourceTree = "<group>"; };
		4194CED42C4E01FC00A20731 /* SceneDelegate.swift */ = {isa = PBXFileReference; lastKnownFileType = sourcecode.swift; path = SceneDelegate.swift; sourceTree = "<group>"; };
		4194CED62C4E01FC00A20731 /* ViewController.swift */ = {isa = PBXFileReference; lastKnownFileType = sourcecode.swift; path = ViewController.swift; sourceTree = "<group>"; };
		4194CED92C4E01FC00A20731 /* Base */ = {isa = PBXFileReference; lastKnownFileType = file.storyboard; name = Base; path = Base.lproj/Main.storyboard; sourceTree = "<group>"; };
		4194CEDC2C4E01FC00A20731 /* ETtoday_CodingExercise.xcdatamodel */ = {isa = PBXFileReference; lastKnownFileType = wrapper.xcdatamodel; path = ETtoday_CodingExercise.xcdatamodel; sourceTree = "<group>"; };
		4194CEDE2C4E01FD00A20731 /* Assets.xcassets */ = {isa = PBXFileReference; lastKnownFileType = folder.assetcatalog; path = Assets.xcassets; sourceTree = "<group>"; };
		4194CEE12C4E01FD00A20731 /* Base */ = {isa = PBXFileReference; lastKnownFileType = file.storyboard; name = Base; path = Base.lproj/LaunchScreen.storyboard; sourceTree = "<group>"; };
		4194CEE32C4E01FD00A20731 /* Info.plist */ = {isa = PBXFileReference; lastKnownFileType = text.plist.xml; path = Info.plist; sourceTree = "<group>"; };
		4194CEE82C4E01FE00A20731 /* ETtoday_CodingExerciseTests.xctest */ = {isa = PBXFileReference; explicitFileType = wrapper.cfbundle; includeInIndex = 0; path = ETtoday_CodingExerciseTests.xctest; sourceTree = BUILT_PRODUCTS_DIR; };
		4194CEEC2C4E01FE00A20731 /* ETtoday_CodingExerciseTests.swift */ = {isa = PBXFileReference; lastKnownFileType = sourcecode.swift; path = ETtoday_CodingExerciseTests.swift; sourceTree = "<group>"; };
		4194CEF22C4E01FE00A20731 /* ETtoday_CodingExerciseUITests.xctest */ = {isa = PBXFileReference; explicitFileType = wrapper.cfbundle; includeInIndex = 0; path = ETtoday_CodingExerciseUITests.xctest; sourceTree = BUILT_PRODUCTS_DIR; };
		4194CEF62C4E01FE00A20731 /* ETtoday_CodingExerciseUITests.swift */ = {isa = PBXFileReference; lastKnownFileType = sourcecode.swift; path = ETtoday_CodingExerciseUITests.swift; sourceTree = "<group>"; };
		4194CEF82C4E01FE00A20731 /* ETtoday_CodingExerciseUITestsLaunchTests.swift */ = {isa = PBXFileReference; lastKnownFileType = sourcecode.swift; path = ETtoday_CodingExerciseUITestsLaunchTests.swift; sourceTree = "<group>"; };
/* End PBXFileReference section */

/* Begin PBXFrameworksBuildPhase section */
		4194CECC2C4E01FC00A20731 /* Frameworks */ = {
			isa = PBXFrameworksBuildPhase;
			buildActionMask = 2147483647;
			files = (
			);
			runOnlyForDeploymentPostprocessing = 0;
		};
		4194CEE52C4E01FE00A20731 /* Frameworks */ = {
			isa = PBXFrameworksBuildPhase;
			buildActionMask = 2147483647;
			files = (
			);
			runOnlyForDeploymentPostprocessing = 0;
		};
		4194CEEF2C4E01FE00A20731 /* Frameworks */ = {
			isa = PBXFrameworksBuildPhase;
			buildActionMask = 2147483647;
			files = (
			);
			runOnlyForDeploymentPostprocessing = 0;
		};
/* End PBXFrameworksBuildPhase section */

/* Begin PBXGroup section */
		4194CEC62C4E01FC00A20731 = {
			isa = PBXGroup;
			children = (
				4194CED12C4E01FC00A20731 /* ETtoday_CodingExercise */,
				4194CEEB2C4E01FE00A20731 /* ETtoday_CodingExerciseTests */,
				4194CEF52C4E01FE00A20731 /* ETtoday_CodingExerciseUITests */,
				4194CED02C4E01FC00A20731 /* Products */,
			);
			sourceTree = "<group>";
		};
		4194CED02C4E01FC00A20731 /* Products */ = {
			isa = PBXGroup;
			children = (
				4194CECF2C4E01FC00A20731 /* ETtoday_CodingExercise.app */,
				4194CEE82C4E01FE00A20731 /* ETtoday_CodingExerciseTests.xctest */,
				4194CEF22C4E01FE00A20731 /* ETtoday_CodingExerciseUITests.xctest */,
			);
			name = Products;
			sourceTree = "<group>";
		};
		4194CED12C4E01FC00A20731 /* ETtoday_CodingExercise */ = {
			isa = PBXGroup;
			children = (
				4194CED22C4E01FC00A20731 /* AppDelegate.swift */,
				4194CED42C4E01FC00A20731 /* SceneDelegate.swift */,
				4194CED62C4E01FC00A20731 /* ViewController.swift */,
				4194CED82C4E01FC00A20731 /* Main.storyboard */,
				4194CEDE2C4E01FD00A20731 /* Assets.xcassets */,
				4194CEE02C4E01FD00A20731 /* LaunchScreen.storyboard */,
				4194CEE32C4E01FD00A20731 /* Info.plist */,
				4194CEDB2C4E01FC00A20731 /* ETtoday_CodingExercise.xcdatamodeld */,
			);
			path = ETtoday_CodingExercise;
			sourceTree = "<group>";
		};
		4194CEEB2C4E01FE00A20731 /* ETtoday_CodingExerciseTests */ = {
			isa = PBXGroup;
			children = (
				4194CEEC2C4E01FE00A20731 /* ETtoday_CodingExerciseTests.swift */,
			);
			path = ETtoday_CodingExerciseTests;
			sourceTree = "<group>";
		};
		4194CEF52C4E01FE00A20731 /* ETtoday_CodingExerciseUITests */ = {
			isa = PBXGroup;
			children = (
				4194CEF62C4E01FE00A20731 /* ETtoday_CodingExerciseUITests.swift */,
				4194CEF82C4E01FE00A20731 /* ETtoday_CodingExerciseUITestsLaunchTests.swift */,
			);
			path = ETtoday_CodingExerciseUITests;
			sourceTree = "<group>";
		};
/* End PBXGroup section */

/* Begin PBXNativeTarget section */
		4194CECE2C4E01FC00A20731 /* ETtoday_CodingExercise */ = {
			isa = PBXNativeTarget;
			buildConfigurationList = 4194CEFC2C4E01FE00A20731 /* Build configuration list for PBXNativeTarget "ETtoday_CodingExercise" */;
			buildPhases = (
				4194CECB2C4E01FC00A20731 /* Sources */,
				4194CECC2C4E01FC00A20731 /* Frameworks */,
				4194CECD2C4E01FC00A20731 /* Resources */,
			);
			buildRules = (
			);
			dependencies = (
			);
			name = ETtoday_CodingExercise;
			productName = ETtoday_CodingExercise;
			productReference = 4194CECF2C4E01FC00A20731 /* ETtoday_CodingExercise.app */;
			productType = "com.apple.product-type.application";
		};
		4194CEE72C4E01FE00A20731 /* ETtoday_CodingExerciseTests */ = {
			isa = PBXNativeTarget;
			buildConfigurationList = 4194CEFF2C4E01FE00A20731 /* Build configuration list for PBXNativeTarget "ETtoday_CodingExerciseTests" */;
			buildPhases = (
				4194CEE42C4E01FE00A20731 /* Sources */,
				4194CEE52C4E01FE00A20731 /* Frameworks */,
				4194CEE62C4E01FE00A20731 /* Resources */,
			);
			buildRules = (
			);
			dependencies = (
				4194CEEA2C4E01FE00A20731 /* PBXTargetDependency */,
			);
			name = ETtoday_CodingExerciseTests;
			productName = ETtoday_CodingExerciseTests;
			productReference = 4194CEE82C4E01FE00A20731 /* ETtoday_CodingExerciseTests.xctest */;
			productType = "com.apple.product-type.bundle.unit-test";
		};
		4194CEF12C4E01FE00A20731 /* ETtoday_CodingExerciseUITests */ = {
			isa = PBXNativeTarget;
			buildConfigurationList = 4194CF022C4E01FE00A20731 /* Build configuration list for PBXNativeTarget "ETtoday_CodingExerciseUITests" */;
			buildPhases = (
				4194CEEE2C4E01FE00A20731 /* Sources */,
				4194CEEF2C4E01FE00A20731 /* Frameworks */,
				4194CEF02C4E01FE00A20731 /* Resources */,
			);
			buildRules = (
			);
			dependencies = (
				4194CEF42C4E01FE00A20731 /* PBXTargetDependency */,
			);
			name = ETtoday_CodingExerciseUITests;
			productName = ETtoday_CodingExerciseUITests;
			productReference = 4194CEF22C4E01FE00A20731 /* ETtoday_CodingExerciseUITests.xctest */;
			productType = "com.apple.product-type.bundle.ui-testing";
		};
/* End PBXNativeTarget section */

/* Begin PBXProject section */
		4194CEC72C4E01FC00A20731 /* Project object */ = {
			isa = PBXProject;
			attributes = {
				BuildIndependentTargetsInParallel = 1;
				LastSwiftUpdateCheck = 1540;
				LastUpgradeCheck = 1540;
				TargetAttributes = {
					4194CECE2C4E01FC00A20731 = {
						CreatedOnToolsVersion = 15.4;
					};
					4194CEE72C4E01FE00A20731 = {
						CreatedOnToolsVersion = 15.4;
						TestTargetID = 4194CECE2C4E01FC00A20731;
					};
					4194CEF12C4E01FE00A20731 = {
						CreatedOnToolsVersion = 15.4;
						TestTargetID = 4194CECE2C4E01FC00A20731;
					};
				};
			};
			buildConfigurationList = 4194CECA2C4E01FC00A20731 /* Build configuration list for PBXProject "ETtoday_CodingExercise" */;
			compatibilityVersion = "Xcode 14.0";
			developmentRegion = en;
			hasScannedForEncodings = 0;
			knownRegions = (
				en,
				Base,
			);
			mainGroup = 4194CEC62C4E01FC00A20731;
			productRefGroup = 4194CED02C4E01FC00A20731 /* Products */;
			projectDirPath = "";
			projectRoot = "";
			targets = (
				4194CECE2C4E01FC00A20731 /* ETtoday_CodingExercise */,
				4194CEE72C4E01FE00A20731 /* ETtoday_CodingExerciseTests */,
				4194CEF12C4E01FE00A20731 /* ETtoday_CodingExerciseUITests */,
			);
		};
/* End PBXProject section */

/* Begin PBXResourcesBuildPhase section */
		4194CECD2C4E01FC00A20731 /* Resources */ = {
			isa = PBXResourcesBuildPhase;
			buildActionMask = 2147483647;
			files = (
				4194CEDF2C4E01FD00A20731 /* Assets.xcassets in Resources */,
				4194CEE22C4E01FD00A20731 /* Base in Resources */,
				4194CEDA2C4E01FC00A20731 /* Base in Resources */,
			);
			runOnlyForDeploymentPostprocessing = 0;
		};
		4194CEE62C4E01FE00A20731 /* Resources */ = {
			isa = PBXResourcesBuildPhase;
			buildActionMask = 2147483647;
			files = (
			);
			runOnlyForDeploymentPostprocessing = 0;
		};
		4194CEF02C4E01FE00A20731 /* Resources */ = {
			isa = PBXResourcesBuildPhase;
			buildActionMask = 2147483647;
			files = (
			);
			runOnlyForDeploymentPostprocessing = 0;
		};
/* End PBXResourcesBuildPhase section */

/* Begin PBXSourcesBuildPhase section */
		4194CECB2C4E01FC00A20731 /* Sources */ = {
			isa = PBXSourcesBuildPhase;
			buildActionMask = 2147483647;
			files = (
				4194CEDD2C4E01FC00A20731 /* ETtoday_CodingExercise.xcdatamodeld in Sources */,
				4194CED72C4E01FC00A20731 /* ViewController.swift in Sources */,
				4194CED32C4E01FC00A20731 /* AppDelegate.swift in Sources */,
				4194CED52C4E01FC00A20731 /* SceneDelegate.swift in Sources */,
			);
			runOnlyForDeploymentPostprocessing = 0;
		};
		4194CEE42C4E01FE00A20731 /* Sources */ = {
			isa = PBXSourcesBuildPhase;
			buildActionMask = 2147483647;
			files = (
				4194CEED2C4E01FE00A20731 /* ETtoday_CodingExerciseTests.swift in Sources */,
			);
			runOnlyForDeploymentPostprocessing = 0;
		};
		4194CEEE2C4E01FE00A20731 /* Sources */ = {
			isa = PBXSourcesBuildPhase;
			buildActionMask = 2147483647;
			files = (
				4194CEF72C4E01FE00A20731 /* ETtoday_CodingExerciseUITests.swift in Sources */,
				4194CEF92C4E01FE00A20731 /* ETtoday_CodingExerciseUITestsLaunchTests.swift in Sources */,
			);
			runOnlyForDeploymentPostprocessing = 0;
		};
/* End PBXSourcesBuildPhase section */

/* Begin PBXTargetDependency section */
		4194CEEA2C4E01FE00A20731 /* PBXTargetDependency */ = {
			isa = PBXTargetDependency;
			target = 4194CECE2C4E01FC00A20731 /* ETtoday_CodingExercise */;
			targetProxy = 4194CEE92C4E01FE00A20731 /* PBXContainerItemProxy */;
		};
		4194CEF42C4E01FE00A20731 /* PBXTargetDependency */ = {
			isa = PBXTargetDependency;
			target = 4194CECE2C4E01FC00A20731 /* ETtoday_CodingExercise */;
			targetProxy = 4194CEF32C4E01FE00A20731 /* PBXContainerItemProxy */;
		};
/* End PBXTargetDependency section */

/* Begin PBXVariantGroup section */
		4194CED82C4E01FC00A20731 /* Main.storyboard */ = {
			isa = PBXVariantGroup;
			children = (
				4194CED92C4E01FC00A20731 /* Base */,
			);
			name = Main.storyboard;
			sourceTree = "<group>";
		};
		4194CEE02C4E01FD00A20731 /* LaunchScreen.storyboard */ = {
			isa = PBXVariantGroup;
			children = (
				4194CEE12C4E01FD00A20731 /* Base */,
			);
			name = LaunchScreen.storyboard;
			sourceTree = "<group>";
		};
/* End PBXVariantGroup section */

/* Begin XCBuildConfiguration section */
		4194CEFA2C4E01FE00A20731 /* Debug */ = {
			isa = XCBuildConfiguration;
			buildSettings = {
				ALWAYS_SEARCH_USER_PATHS = NO;
				ASSETCATALOG_COMPILER_GENERATE_SWIFT_ASSET_SYMBOL_EXTENSIONS = YES;
				CLANG_ANALYZER_NONNULL = YES;
				CLANG_ANALYZER_NUMBER_OBJECT_CONVERSION = YES_AGGRESSIVE;
				CLANG_CXX_LANGUAGE_STANDARD = "gnu++20";
				CLANG_ENABLE_MODULES = YES;
				CLANG_ENABLE_OBJC_ARC = YES;
				CLANG_ENABLE_OBJC_WEAK = YES;
				CLANG_WARN_BLOCK_CAPTURE_AUTORELEASING = YES;
				CLANG_WARN_BOOL_CONVERSION = YES;
				CLANG_WARN_COMMA = YES;
				CLANG_WARN_CONSTANT_CONVERSION = YES;
				CLANG_WARN_DEPRECATED_OBJC_IMPLEMENTATIONS = YES;
				CLANG_WARN_DIRECT_OBJC_ISA_USAGE = YES_ERROR;
				CLANG_WARN_DOCUMENTATION_COMMENTS = YES;
				CLANG_WARN_EMPTY_BODY = YES;
				CLANG_WARN_ENUM_CONVERSION = YES;
				CLANG_WARN_INFINITE_RECURSION = YES;
				CLANG_WARN_INT_CONVERSION = YES;
				CLANG_WARN_NON_LITERAL_NULL_CONVERSION = YES;
				CLANG_WARN_OBJC_IMPLICIT_RETAIN_SELF = YES;
				CLANG_WARN_OBJC_LITERAL_CONVERSION = YES;
				CLANG_WARN_OBJC_ROOT_CLASS = YES_ERROR;
				CLANG_WARN_QUOTED_INCLUDE_IN_FRAMEWORK_HEADER = YES;
				CLANG_WARN_RANGE_LOOP_ANALYSIS = YES;
				CLANG_WARN_STRICT_PROTOTYPES = YES;
				CLANG_WARN_SUSPICIOUS_MOVE = YES;
				CLANG_WARN_UNGUARDED_AVAILABILITY = YES_AGGRESSIVE;
				CLANG_WARN_UNREACHABLE_CODE = YES;
				CLANG_WARN__DUPLICATE_METHOD_MATCH = YES;
				COPY_PHASE_STRIP = NO;
				DEBUG_INFORMATION_FORMAT = dwarf;
				ENABLE_STRICT_OBJC_MSGSEND = YES;
				ENABLE_TESTABILITY = YES;
				ENABLE_USER_SCRIPT_SANDBOXING = YES;
				GCC_C_LANGUAGE_STANDARD = gnu17;
				GCC_DYNAMIC_NO_PIC = NO;
				GCC_NO_COMMON_BLOCKS = YES;
				GCC_OPTIMIZATION_LEVEL = 0;
				GCC_PREPROCESSOR_DEFINITIONS = (
					"DEBUG=1",
					"$(inherited)",
				);
				GCC_WARN_64_TO_32_BIT_CONVERSION = YES;
				GCC_WARN_ABOUT_RETURN_TYPE = YES_ERROR;
				GCC_WARN_UNDECLARED_SELECTOR = YES;
				GCC_WARN_UNINITIALIZED_AUTOS = YES_AGGRESSIVE;
				GCC_WARN_UNUSED_FUNCTION = YES;
				GCC_WARN_UNUSED_VARIABLE = YES;
				IPHONEOS_DEPLOYMENT_TARGET = 17.5;
				LOCALIZATION_PREFERS_STRING_CATALOGS = YES;
				MTL_ENABLE_DEBUG_INFO = INCLUDE_SOURCE;
				MTL_FAST_MATH = YES;
				ONLY_ACTIVE_ARCH = YES;
				SDKROOT = iphoneos;
				SWIFT_ACTIVE_COMPILATION_CONDITIONS = "DEBUG $(inherited)";
				SWIFT_OPTIMIZATION_LEVEL = "-Onone";
			};
			name = Debug;
		};
		4194CEFB2C4E01FE00A20731 /* Release */ = {
			isa = XCBuildConfiguration;
			buildSettings = {
				ALWAYS_SEARCH_USER_PATHS = NO;
				ASSETCATALOG_COMPILER_GENERATE_SWIFT_ASSET_SYMBOL_EXTENSIONS = YES;
				CLANG_ANALYZER_NONNULL = YES;
				CLANG_ANALYZER_NUMBER_OBJECT_CONVERSION = YES_AGGRESSIVE;
				CLANG_CXX_LANGUAGE_STANDARD = "gnu++20";
				CLANG_ENABLE_MODULES = YES;
				CLANG_ENABLE_OBJC_ARC = YES;
				CLANG_ENABLE_OBJC_WEAK = YES;
				CLANG_WARN_BLOCK_CAPTURE_AUTORELEASING = YES;
				CLANG_WARN_BOOL_CONVERSION = YES;
				CLANG_WARN_COMMA = YES;
				CLANG_WARN_CONSTANT_CONVERSION = YES;
				CLANG_WARN_DEPRECATED_OBJC_IMPLEMENTATIONS = YES;
				CLANG_WARN_DIRECT_OBJC_ISA_USAGE = YES_ERROR;
				CLANG_WARN_DOCUMENTATION_COMMENTS = YES;
				CLANG_WARN_EMPTY_BODY = YES;
				CLANG_WARN_ENUM_CONVERSION = YES;
				CLANG_WARN_INFINITE_RECURSION = YES;
				CLANG_WARN_INT_CONVERSION = YES;
				CLANG_WARN_NON_LITERAL_NULL_CONVERSION = YES;
				CLANG_WARN_OBJC_IMPLICIT_RETAIN_SELF = YES;
				CLANG_WARN_OBJC_LITERAL_CONVERSION = YES;
				CLANG_WARN_OBJC_ROOT_CLASS = YES_ERROR;
				CLANG_WARN_QUOTED_INCLUDE_IN_FRAMEWORK_HEADER = YES;
				CLANG_WARN_RANGE_LOOP_ANALYSIS = YES;
				CLANG_WARN_STRICT_PROTOTYPES = YES;
				CLANG_WARN_SUSPICIOUS_MOVE = YES;
				CLANG_WARN_UNGUARDED_AVAILABILITY = YES_AGGRESSIVE;
				CLANG_WARN_UNREACHABLE_CODE = YES;
				CLANG_WARN__DUPLICATE_METHOD_MATCH = YES;
				COPY_PHASE_STRIP = NO;
				DEBUG_INFORMATION_FORMAT = "dwarf-with-dsym";
				ENABLE_NS_ASSERTIONS = NO;
				ENABLE_STRICT_OBJC_MSGSEND = YES;
				ENABLE_USER_SCRIPT_SANDBOXING = YES;
				GCC_C_LANGUAGE_STANDARD = gnu17;
				GCC_NO_COMMON_BLOCKS = YES;
				GCC_WARN_64_TO_32_BIT_CONVERSION = YES;
				GCC_WARN_ABOUT_RETURN_TYPE = YES_ERROR;
				GCC_WARN_UNDECLARED_SELECTOR = YES;
				GCC_WARN_UNINITIALIZED_AUTOS = YES_AGGRESSIVE;
				GCC_WARN_UNUSED_FUNCTION = YES;
				GCC_WARN_UNUSED_VARIABLE = YES;
				IPHONEOS_DEPLOYMENT_TARGET = 17.5;
				LOCALIZATION_PREFERS_STRING_CATALOGS = YES;
				MTL_ENABLE_DEBUG_INFO = NO;
				MTL_FAST_MATH = YES;
				SDKROOT = iphoneos;
				SWIFT_COMPILATION_MODE = wholemodule;
				VALIDATE_PRODUCT = YES;
			};
			name = Release;
		};
		4194CEFD2C4E01FE00A20731 /* Debug */ = {
			isa = XCBuildConfiguration;
			buildSettings = {
				ASSETCATALOG_COMPILER_APPICON_NAME = AppIcon;
				ASSETCATALOG_COMPILER_GLOBAL_ACCENT_COLOR_NAME = AccentColor;
				CODE_SIGN_STYLE = Automatic;
				CURRENT_PROJECT_VERSION = 1;
				DEVELOPMENT_TEAM = R3369PTE6B;
				GENERATE_INFOPLIST_FILE = YES;
				INFOPLIST_FILE = ETtoday_CodingExercise/Info.plist;
				INFOPLIST_KEY_UIApplicationSupportsIndirectInputEvents = YES;
				INFOPLIST_KEY_UILaunchStoryboardName = LaunchScreen;
				INFOPLIST_KEY_UIMainStoryboardFile = Main;
				INFOPLIST_KEY_UISupportedInterfaceOrientations_iPad = "UIInterfaceOrientationPortrait UIInterfaceOrientationPortraitUpsideDown UIInterfaceOrientationLandscapeLeft UIInterfaceOrientationLandscapeRight";
				INFOPLIST_KEY_UISupportedInterfaceOrientations_iPhone = "UIInterfaceOrientationPortrait UIInterfaceOrientationLandscapeLeft UIInterfaceOrientationLandscapeRight";
				LD_RUNPATH_SEARCH_PATHS = (
					"$(inherited)",
					"@executable_path/Frameworks",
				);
				MARKETING_VERSION = 1.0;
				PRODUCT_BUNDLE_IDENTIFIER = "KanNoLee.com.ETtoday-CodingExercise";
				PRODUCT_NAME = "$(TARGET_NAME)";
				SWIFT_EMIT_LOC_STRINGS = YES;
				SWIFT_VERSION = 5.0;
				TARGETED_DEVICE_FAMILY = "1,2";
			};
			name = Debug;
		};
		4194CEFE2C4E01FE00A20731 /* Release */ = {
			isa = XCBuildConfiguration;
			buildSettings = {
				ASSETCATALOG_COMPILER_APPICON_NAME = AppIcon;
				ASSETCATALOG_COMPILER_GLOBAL_ACCENT_COLOR_NAME = AccentColor;
				CODE_SIGN_STYLE = Automatic;
				CURRENT_PROJECT_VERSION = 1;
				DEVELOPMENT_TEAM = R3369PTE6B;
				GENERATE_INFOPLIST_FILE = YES;
				INFOPLIST_FILE = ETtoday_CodingExercise/Info.plist;
				INFOPLIST_KEY_UIApplicationSupportsIndirectInputEvents = YES;
				INFOPLIST_KEY_UILaunchStoryboardName = LaunchScreen;
				INFOPLIST_KEY_UIMainStoryboardFile = Main;
				INFOPLIST_KEY_UISupportedInterfaceOrientations_iPad = "UIInterfaceOrientationPortrait UIInterfaceOrientationPortraitUpsideDown UIInterfaceOrientationLandscapeLeft UIInterfaceOrientationLandscapeRight";
				INFOPLIST_KEY_UISupportedInterfaceOrientations_iPhone = "UIInterfaceOrientationPortrait UIInterfaceOrientationLandscapeLeft UIInterfaceOrientationLandscapeRight";
				LD_RUNPATH_SEARCH_PATHS = (
					"$(inherited)",
					"@executable_path/Frameworks",
				);
				MARKETING_VERSION = 1.0;
				PRODUCT_BUNDLE_IDENTIFIER = "KanNoLee.com.ETtoday-CodingExercise";
				PRODUCT_NAME = "$(TARGET_NAME)";
				SWIFT_EMIT_LOC_STRINGS = YES;
				SWIFT_VERSION = 5.0;
				TARGETED_DEVICE_FAMILY = "1,2";
			};
			name = Release;
		};
		4194CF002C4E01FE00A20731 /* Debug */ = {
			isa = XCBuildConfiguration;
			buildSettings = {
				ALWAYS_EMBED_SWIFT_STANDARD_LIBRARIES = YES;
				BUNDLE_LOADER = "$(TEST_HOST)";
				CODE_SIGN_STYLE = Automatic;
				CURRENT_PROJECT_VERSION = 1;
				DEVELOPMENT_TEAM = R3369PTE6B;
				GENERATE_INFOPLIST_FILE = YES;
				IPHONEOS_DEPLOYMENT_TARGET = 17.5;
				MARKETING_VERSION = 1.0;
				PRODUCT_BUNDLE_IDENTIFIER = "KanNoLee.com.ETtoday-CodingExerciseTests";
				PRODUCT_NAME = "$(TARGET_NAME)";
				SWIFT_EMIT_LOC_STRINGS = NO;
				SWIFT_VERSION = 5.0;
				TARGETED_DEVICE_FAMILY = "1,2";
				TEST_HOST = "$(BUILT_PRODUCTS_DIR)/ETtoday_CodingExercise.app/$(BUNDLE_EXECUTABLE_FOLDER_PATH)/ETtoday_CodingExercise";
			};
			name = Debug;
		};
		4194CF012C4E01FE00A20731 /* Release */ = {
			isa = XCBuildConfiguration;
			buildSettings = {
				ALWAYS_EMBED_SWIFT_STANDARD_LIBRARIES = YES;
				BUNDLE_LOADER = "$(TEST_HOST)";
				CODE_SIGN_STYLE = Automatic;
				CURRENT_PROJECT_VERSION = 1;
				DEVELOPMENT_TEAM = R3369PTE6B;
				GENERATE_INFOPLIST_FILE = YES;
				IPHONEOS_DEPLOYMENT_TARGET = 17.5;
				MARKETING_VERSION = 1.0;
				PRODUCT_BUNDLE_IDENTIFIER = "KanNoLee.com.ETtoday-CodingExerciseTests";
				PRODUCT_NAME = "$(TARGET_NAME)";
				SWIFT_EMIT_LOC_STRINGS = NO;
				SWIFT_VERSION = 5.0;
				TARGETED_DEVICE_FAMILY = "1,2";
				TEST_HOST = "$(BUILT_PRODUCTS_DIR)/ETtoday_CodingExercise.app/$(BUNDLE_EXECUTABLE_FOLDER_PATH)/ETtoday_CodingExercise";
			};
			name = Release;
		};
		4194CF032C4E01FE00A20731 /* Debug */ = {
			isa = XCBuildConfiguration;
			buildSettings = {
				ALWAYS_EMBED_SWIFT_STANDARD_LIBRARIES = YES;
				CODE_SIGN_STYLE = Automatic;
				CURRENT_PROJECT_VERSION = 1;
				DEVELOPMENT_TEAM = R3369PTE6B;
				GENERATE_INFOPLIST_FILE = YES;
				MARKETING_VERSION = 1.0;
				PRODUCT_BUNDLE_IDENTIFIER = "KanNoLee.com.ETtoday-CodingExerciseUITests";
				PRODUCT_NAME = "$(TARGET_NAME)";
				SWIFT_EMIT_LOC_STRINGS = NO;
				SWIFT_VERSION = 5.0;
				TARGETED_DEVICE_FAMILY = "1,2";
				TEST_TARGET_NAME = ETtoday_CodingExercise;
			};
			name = Debug;
		};
		4194CF042C4E01FE00A20731 /* Release */ = {
			isa = XCBuildConfiguration;
			buildSettings = {
				ALWAYS_EMBED_SWIFT_STANDARD_LIBRARIES = YES;
				CODE_SIGN_STYLE = Automatic;
				CURRENT_PROJECT_VERSION = 1;
				DEVELOPMENT_TEAM = R3369PTE6B;
				GENERATE_INFOPLIST_FILE = YES;
				MARKETING_VERSION = 1.0;
				PRODUCT_BUNDLE_IDENTIFIER = "KanNoLee.com.ETtoday-CodingExerciseUITests";
				PRODUCT_NAME = "$(TARGET_NAME)";
				SWIFT_EMIT_LOC_STRINGS = NO;
				SWIFT_VERSION = 5.0;
				TARGETED_DEVICE_FAMILY = "1,2";
				TEST_TARGET_NAME = ETtoday_CodingExercise;
			};
			name = Release;
		};
/* End XCBuildConfiguration section */

/* Begin XCConfigurationList section */
		4194CECA2C4E01FC00A20731 /* Build configuration list for PBXProject "ETtoday_CodingExercise" */ = {
			isa = XCConfigurationList;
			buildConfigurations = (
				4194CEFA2C4E01FE00A20731 /* Debug */,
				4194CEFB2C4E01FE00A20731 /* Release */,
			);
			defaultConfigurationIsVisible = 0;
			defaultConfigurationName = Release;
		};
		4194CEFC2C4E01FE00A20731 /* Build configuration list for PBXNativeTarget "ETtoday_CodingExercise" */ = {
			isa = XCConfigurationList;
			buildConfigurations = (
				4194CEFD2C4E01FE00A20731 /* Debug */,
				4194CEFE2C4E01FE00A20731 /* Release */,
			);
			defaultConfigurationIsVisible = 0;
			defaultConfigurationName = Release;
		};
		4194CEFF2C4E01FE00A20731 /* Build configuration list for PBXNativeTarget "ETtoday_CodingExerciseTests" */ = {
			isa = XCConfigurationList;
			buildConfigurations = (
				4194CF002C4E01FE00A20731 /* Debug */,
				4194CF012C4E01FE00A20731 /* Release */,
			);
			defaultConfigurationIsVisible = 0;
			defaultConfigurationName = Release;
		};
		4194CF022C4E01FE00A20731 /* Build configuration list for PBXNativeTarget "ETtoday_CodingExerciseUITests" */ = {
			isa = XCConfigurationList;
			buildConfigurations = (
				4194CF032C4E01FE00A20731 /* Debug */,
				4194CF042C4E01FE00A20731 /* Release */,
			);
			defaultConfigurationIsVisible = 0;
			defaultConfigurationName = Release;
		};
/* End XCConfigurationList section */

/* Begin XCVersionGroup section */
		4194CEDB2C4E01FC00A20731 /* ETtoday_CodingExercise.xcdatamodeld */ = {
			isa = XCVersionGroup;
			children = (
				4194CEDC2C4E01FC00A20731 /* ETtoday_CodingExercise.xcdatamodel */,
			);
			currentVersion = 4194CEDC2C4E01FC00A20731 /* ETtoday_CodingExercise.xcdatamodel */;
			path = ETtoday_CodingExercise.xcdatamodeld;
			sourceTree = "<group>";
			versionGroupType = wrapper.xcdatamodel;
		};
/* End XCVersionGroup section */
	};
	rootObject = 4194CEC72C4E01FC00A20731 /* Project object */;
}
